
Microsoft Visual Studio Solution File, Format Version 12.00
# Visual Studio 2013
VisualStudioVersion = 12.0.40629.0
MinimumVisualStudioVersion = 10.0.40219.1
Project("{FAE04EC0-301F-11D3-BF4B-00C04F79EFBC}") = "Szyfrator", "Szyfrator\Szyfrator.csproj", "{FD7B3CF5-76D0-4DCA-BBD9-2C25C19E406D}"
EndProject
Global
	GlobalSection(SolutionConfigurationPlatforms) = preSolution
		Debug|Any CPU = Debug|Any CPU
		Release|Any CPU = Release|Any CPU
	EndGlobalSection
	GlobalSection(ProjectConfigurationPlatforms) = postSolution
		{FD7B3CF5-76D0-4DCA-BBD9-2C25C19E406D}.Debug|Any CPU.ActiveCfg = Debug|Any CPU
		{FD7B3CF5-76D0-4DCA-BBD9-2C25C19E406D}.Debug|Any CPU.Build.0 = Debug|Any CPU
		{FD7B3CF5-76D0-4DCA-BBD9-2C25C19E406D}.Release|Any CPU.ActiveCfg = Release|Any CPU
		{FD7B3CF5-76D0-4DCA-BBD9-2C25C19E406D}.Release|Any CPU.Build.0 = Release|Any CPU
	EndGlobalSection
	GlobalSection(SolutionProperties) = preSolution
		HideSolutionNode = FALSE
	EndGlobalSection
EndGlobal
